
Microsoft Visual Studio Solution File, Format Version 12.00
Project("{FAE04EC0-301F-11D3-BF4B-00C04F79EFBC}") = "DUCalculator.Web", "DUCalculator.Web\DUCalculator.Web.csproj", "{77EE43FC-24C5-4E26-BB2C-2E595B0D2310}"
EndProject
Project("{FAE04EC0-301F-11D3-BF4B-00C04F79EFBC}") = "DUCalculator.Web.Tests", "DUCalculator.Web.Tests\DUCalculator.Web.Tests.csproj", "{AE37526F-4345-46E1-809E-4D06A840C43F}"
EndProject
Global
	GlobalSection(SolutionConfigurationPlatforms) = preSolution
		Debug|Any CPU = Debug|Any CPU
		Release|Any CPU = Release|Any CPU
	EndGlobalSection
	GlobalSection(ProjectConfigurationPlatforms) = postSolution
		{77EE43FC-24C5-4E26-BB2C-2E595B0D2310}.Debug|Any CPU.ActiveCfg = Debug|Any CPU
		{77EE43FC-24C5-4E26-BB2C-2E595B0D2310}.Debug|Any CPU.Build.0 = Debug|Any CPU
		{77EE43FC-24C5-4E26-BB2C-2E595B0D2310}.Release|Any CPU.ActiveCfg = Release|Any CPU
		{77EE43FC-24C5-4E26-BB2C-2E595B0D2310}.Release|Any CPU.Build.0 = Release|Any CPU
		{AE37526F-4345-46E1-809E-4D06A840C43F}.Debug|Any CPU.ActiveCfg = Debug|Any CPU
		{AE37526F-4345-46E1-809E-4D06A840C43F}.Debug|Any CPU.Build.0 = Debug|Any CPU
		{AE37526F-4345-46E1-809E-4D06A840C43F}.Release|Any CPU.ActiveCfg = Release|Any CPU
		{AE37526F-4345-46E1-809E-4D06A840C43F}.Release|Any CPU.Build.0 = Release|Any CPU
	EndGlobalSection
EndGlobal
